// !$*UTF8*$!
{
	archiveVersion = 1;
	classes = {
	};
	objectVersion = 56;
	objects = {

/* Begin PBXBuildFile section */
		24A56550297E974500D9E34A /* AppDelegate.swift in Sources */ = {isa = PBXBuildFile; fileRef = 24A5654F297E974500D9E34A /* AppDelegate.swift */; };
		24A56552297E974500D9E34A /* SceneDelegate.swift in Sources */ = {isa = PBXBuildFile; fileRef = 24A56551297E974500D9E34A /* SceneDelegate.swift */; };
		24A56554297E974500D9E34A /* MainViewController.swift in Sources */ = {isa = PBXBuildFile; fileRef = 24A56553297E974500D9E34A /* MainViewController.swift */; };
		24A56557297E974500D9E34A /* Main.storyboard in Resources */ = {isa = PBXBuildFile; fileRef = 24A56555297E974500D9E34A /* Main.storyboard */; };
		24A56559297E974B00D9E34A /* Assets.xcassets in Resources */ = {isa = PBXBuildFile; fileRef = 24A56558297E974B00D9E34A /* Assets.xcassets */; };
		24A5655C297E974B00D9E34A /* LaunchScreen.storyboard in Resources */ = {isa = PBXBuildFile; fileRef = 24A5655A297E974B00D9E34A /* LaunchScreen.storyboard */; };
		24A56565297E9A5900D9E34A /* Alamofire in Frameworks */ = {isa = PBXBuildFile; productRef = 24A56564297E9A5900D9E34A /* Alamofire */; };
		24A56567297E9B0B00D9E34A /* Picture.swift in Sources */ = {isa = PBXBuildFile; fileRef = 24A56566297E9B0B00D9E34A /* Picture.swift */; };
		24A56569297E9B6B00D9E34A /* TableViewCell.swift in Sources */ = {isa = PBXBuildFile; fileRef = 24A56568297E9B6B00D9E34A /* TableViewCell.swift */; };
		24A5656B297E9B9C00D9E34A /* NetworkManager.swift in Sources */ = {isa = PBXBuildFile; fileRef = 24A5656A297E9B9C00D9E34A /* NetworkManager.swift */; };
		24A5656D297E9BCF00D9E34A /* URLs.swift in Sources */ = {isa = PBXBuildFile; fileRef = 24A5656C297E9BCF00D9E34A /* URLs.swift */; };
/* End PBXBuildFile section */

/* Begin PBXFileReference section */
		24A5654C297E974500D9E34A /* AlamofireApp.app */ = {isa = PBXFileReference; explicitFileType = wrapper.application; includeInIndex = 0; path = AlamofireApp.app; sourceTree = BUILT_PRODUCTS_DIR; };
		24A5654F297E974500D9E34A /* AppDelegate.swift */ = {isa = PBXFileReference; lastKnownFileType = sourcecode.swift; path = AppDelegate.swift; sourceTree = "<group>"; };
		24A56551297E974500D9E34A /* SceneDelegate.swift */ = {isa = PBXFileReference; lastKnownFileType = sourcecode.swift; path = SceneDelegate.swift; sourceTree = "<group>"; };
		24A56553297E974500D9E34A /* MainViewController.swift */ = {isa = PBXFileReference; lastKnownFileType = sourcecode.swift; path = MainViewController.swift; sourceTree = "<group>"; };
		24A56556297E974500D9E34A /* Base */ = {isa = PBXFileReference; lastKnownFileType = file.storyboard; name = Base; path = Base.lproj/Main.storyboard; sourceTree = "<group>"; };
		24A56558297E974B00D9E34A /* Assets.xcassets */ = {isa = PBXFileReference; lastKnownFileType = folder.assetcatalog; path = Assets.xcassets; sourceTree = "<group>"; };
		24A5655B297E974B00D9E34A /* Base */ = {isa = PBXFileReference; lastKnownFileType = file.storyboard; name = Base; path = Base.lproj/LaunchScreen.storyboard; sourceTree = "<group>"; };
		24A5655D297E974B00D9E34A /* Info.plist */ = {isa = PBXFileReference; lastKnownFileType = text.plist.xml; path = Info.plist; sourceTree = "<group>"; };
		24A56566297E9B0B00D9E34A /* Picture.swift */ = {isa = PBXFileReference; lastKnownFileType = sourcecode.swift; path = Picture.swift; sourceTree = "<group>"; };
		24A56568297E9B6B00D9E34A /* TableViewCell.swift */ = {isa = PBXFileReference; lastKnownFileType = sourcecode.swift; path = TableViewCell.swift; sourceTree = "<group>"; };
		24A5656A297E9B9C00D9E34A /* NetworkManager.swift */ = {isa = PBXFileReference; lastKnownFileType = sourcecode.swift; path = NetworkManager.swift; sourceTree = "<group>"; };
		24A5656C297E9BCF00D9E34A /* URLs.swift */ = {isa = PBXFileReference; lastKnownFileType = sourcecode.swift; path = URLs.swift; sourceTree = "<group>"; };
/* End PBXFileReference section */

/* Begin PBXFrameworksBuildPhase section */
		24A56549297E974500D9E34A /* Frameworks */ = {
			isa = PBXFrameworksBuildPhase;
			buildActionMask = 2147483647;
			files = (
				24A56565297E9A5900D9E34A /* Alamofire in Frameworks */,
			);
			runOnlyForDeploymentPostprocessing = 0;
		};
/* End PBXFrameworksBuildPhase section */

/* Begin PBXGroup section */
		24A56543297E974500D9E34A = {
			isa = PBXGroup;
			children = (
				24A5654E297E974500D9E34A /* AlamofireApp */,
				24A5654D297E974500D9E34A /* Products */,
			);
			sourceTree = "<group>";
		};
		24A5654D297E974500D9E34A /* Products */ = {
			isa = PBXGroup;
			children = (
				24A5654C297E974500D9E34A /* AlamofireApp.app */,
			);
			name = Products;
			sourceTree = "<group>";
		};
		24A5654E297E974500D9E34A /* AlamofireApp */ = {
			isa = PBXGroup;
			children = (
				24A5654F297E974500D9E34A /* AppDelegate.swift */,
				24A56551297E974500D9E34A /* SceneDelegate.swift */,
				24A56553297E974500D9E34A /* MainViewController.swift */,
				24A56555297E974500D9E34A /* Main.storyboard */,
				24A56558297E974B00D9E34A /* Assets.xcassets */,
				24A5655A297E974B00D9E34A /* LaunchScreen.storyboard */,
				24A5655D297E974B00D9E34A /* Info.plist */,
				24A56566297E9B0B00D9E34A /* Picture.swift */,
				24A56568297E9B6B00D9E34A /* TableViewCell.swift */,
				24A5656A297E9B9C00D9E34A /* NetworkManager.swift */,
				24A5656C297E9BCF00D9E34A /* URLs.swift */,
			);
			path = AlamofireApp;
			sourceTree = "<group>";
		};
/* End PBXGroup section */

/* Begin PBXNativeTarget section */
		24A5654B297E974500D9E34A /* AlamofireApp */ = {
			isa = PBXNativeTarget;
			buildConfigurationList = 24A56560297E974B00D9E34A /* Build configuration list for PBXNativeTarget "AlamofireApp" */;
			buildPhases = (
				24A56548297E974500D9E34A /* Sources */,
				24A56549297E974500D9E34A /* Frameworks */,
				24A5654A297E974500D9E34A /* Resources */,
			);
			buildRules = (
			);
			dependencies = (
			);
			name = AlamofireApp;
			packageProductDependencies = (
				24A56564297E9A5900D9E34A /* Alamofire */,
			);
			productName = AlamofireApp;
			productReference = 24A5654C297E974500D9E34A /* AlamofireApp.app */;
			productType = "com.apple.product-type.application";
		};
/* End PBXNativeTarget section */

/* Begin PBXProject section */
		24A56544297E974500D9E34A /* Project object */ = {
			isa = PBXProject;
			attributes = {
				BuildIndependentTargetsInParallel = 1;
				LastSwiftUpdateCheck = 1420;
				LastUpgradeCheck = 1420;
				TargetAttributes = {
					24A5654B297E974500D9E34A = {
						CreatedOnToolsVersion = 14.2;
					};
				};
			};
			buildConfigurationList = 24A56547297E974500D9E34A /* Build configuration list for PBXProject "AlamofireApp" */;
			compatibilityVersion = "Xcode 14.0";
			developmentRegion = en;
			hasScannedForEncodings = 0;
			knownRegions = (
				en,
				Base,
			);
			mainGroup = 24A56543297E974500D9E34A;
			packageReferences = (
				24A56563297E9A5900D9E34A /* XCRemoteSwiftPackageReference "Alamofire" */,
			);
			productRefGroup = 24A5654D297E974500D9E34A /* Products */;
			projectDirPath = "";
			projectRoot = "";
			targets = (
				24A5654B297E974500D9E34A /* AlamofireApp */,
			);
		};
/* End PBXProject section */

/* Begin PBXResourcesBuildPhase section */
		24A5654A297E974500D9E34A /* Resources */ = {
			isa = PBXResourcesBuildPhase;
			buildActionMask = 2147483647;
			files = (
				24A5655C297E974B00D9E34A /* LaunchScreen.storyboard in Resources */,
				24A56559297E974B00D9E34A /* Assets.xcassets in Resources */,
				24A56557297E974500D9E34A /* Main.storyboard in Resources */,
			);
			runOnlyForDeploymentPostprocessing = 0;
		};
/* End PBXResourcesBuildPhase section */

/* Begin PBXSourcesBuildPhase section */
		24A56548297E974500D9E34A /* Sources */ = {
			isa = PBXSourcesBuildPhase;
			buildActionMask = 2147483647;
			files = (
				24A5656B297E9B9C00D9E34A /* NetworkManager.swift in Sources */,
				24A56569297E9B6B00D9E34A /* TableViewCell.swift in Sources */,
				24A56567297E9B0B00D9E34A /* Picture.swift in Sources */,
				24A5656D297E9BCF00D9E34A /* URLs.swift in Sources */,
				24A56554297E974500D9E34A /* MainViewController.swift in Sources */,
				24A56550297E974500D9E34A /* AppDelegate.swift in Sources */,
				24A56552297E974500D9E34A /* SceneDelegate.swift in Sources */,
			);
			runOnlyForDeploymentPostprocessing = 0;
		};
/* End PBXSourcesBuildPhase section */

/* Begin PBXVariantGroup section */
		24A56555297E974500D9E34A /* Main.storyboard */ = {
			isa = PBXVariantGroup;
			children = (
				24A56556297E974500D9E34A /* Base */,
			);
			name = Main.storyboard;
			sourceTree = "<group>";
		};
		24A5655A297E974B00D9E34A /* LaunchScreen.storyboard */ = {
			isa = PBXVariantGroup;
			children = (
				24A5655B297E974B00D9E34A /* Base */,
			);
			name = LaunchScreen.storyboard;
			sourceTree = "<group>";
		};
/* End PBXVariantGroup section */

/* Begin XCBuildConfiguration section */
		24A5655E297E974B00D9E34A /* Debug */ = {
			isa = XCBuildConfiguration;
			buildSettings = {
				ALWAYS_SEARCH_USER_PATHS = NO;
				CLANG_ANALYZER_NONNULL = YES;
				CLANG_ANALYZER_NUMBER_OBJECT_CONVERSION = YES_AGGRESSIVE;
				CLANG_CXX_LANGUAGE_STANDARD = "gnu++20";
				CLANG_ENABLE_MODULES = YES;
				CLANG_ENABLE_OBJC_ARC = YES;
				CLANG_ENABLE_OBJC_WEAK = YES;
				CLANG_WARN_BLOCK_CAPTURE_AUTORELEASING = YES;
				CLANG_WARN_BOOL_CONVERSION = YES;
				CLANG_WARN_COMMA = YES;
				CLANG_WARN_CONSTANT_CONVERSION = YES;
				CLANG_WARN_DEPRECATED_OBJC_IMPLEMENTATIONS = YES;
				CLANG_WARN_DIRECT_OBJC_ISA_USAGE = YES_ERROR;
				CLANG_WARN_DOCUMENTATION_COMMENTS = YES;
				CLANG_WARN_EMPTY_BODY = YES;
				CLANG_WARN_ENUM_CONVERSION = YES;
				CLANG_WARN_INFINITE_RECURSION = YES;
				CLANG_WARN_INT_CONVERSION = YES;
				CLANG_WARN_NON_LITERAL_NULL_CONVERSION = YES;
				CLANG_WARN_OBJC_IMPLICIT_RETAIN_SELF = YES;
				CLANG_WARN_OBJC_LITERAL_CONVERSION = YES;
				CLANG_WARN_OBJC_ROOT_CLASS = YES_ERROR;
				CLANG_WARN_QUOTED_INCLUDE_IN_FRAMEWORK_HEADER = YES;
				CLANG_WARN_RANGE_LOOP_ANALYSIS = YES;
				CLANG_WARN_STRICT_PROTOTYPES = YES;
				CLANG_WARN_SUSPICIOUS_MOVE = YES;
				CLANG_WARN_UNGUARDED_AVAILABILITY = YES_AGGRESSIVE;
				CLANG_WARN_UNREACHABLE_CODE = YES;
				CLANG_WARN__DUPLICATE_METHOD_MATCH = YES;
				COPY_PHASE_STRIP = NO;
				DEBUG_INFORMATION_FORMAT = dwarf;
				ENABLE_STRICT_OBJC_MSGSEND = YES;
				ENABLE_TESTABILITY = YES;
				GCC_C_LANGUAGE_STANDARD = gnu11;
				GCC_DYNAMIC_NO_PIC = NO;
				GCC_NO_COMMON_BLOCKS = YES;
				GCC_OPTIMIZATION_LEVEL = 0;
				GCC_PREPROCESSOR_DEFINITIONS = (
					"DEBUG=1",
					"$(inherited)",
				);
				GCC_WARN_64_TO_32_BIT_CONVERSION = YES;
				GCC_WARN_ABOUT_RETURN_TYPE = YES_ERROR;
				GCC_WARN_UNDECLARED_SELECTOR = YES;
				GCC_WARN_UNINITIALIZED_AUTOS = YES_AGGRESSIVE;
				GCC_WARN_UNUSED_FUNCTION = YES;
				GCC_WARN_UNUSED_VARIABLE = YES;
				IPHONEOS_DEPLOYMENT_TARGET = 16.2;
				MTL_ENABLE_DEBUG_INFO = INCLUDE_SOURCE;
				MTL_FAST_MATH = YES;
				ONLY_ACTIVE_ARCH = YES;
				SDKROOT = iphoneos;
				SWIFT_ACTIVE_COMPILATION_CONDITIONS = DEBUG;
				SWIFT_OPTIMIZATION_LEVEL = "-Onone";
			};
			name = Debug;
		};
		24A5655F297E974B00D9E34A /* Release */ = {
			isa = XCBuildConfiguration;
			buildSettings = {
				ALWAYS_SEARCH_USER_PATHS = NO;
				CLANG_ANALYZER_NONNULL = YES;
				CLANG_ANALYZER_NUMBER_OBJECT_CONVERSION = YES_AGGRESSIVE;
				CLANG_CXX_LANGUAGE_STANDARD = "gnu++20";
				CLANG_ENABLE_MODULES = YES;
				CLANG_ENABLE_OBJC_ARC = YES;
				CLANG_ENABLE_OBJC_WEAK = YES;
				CLANG_WARN_BLOCK_CAPTURE_AUTORELEASING = YES;
				CLANG_WARN_BOOL_CONVERSION = YES;
				CLANG_WARN_COMMA = YES;
				CLANG_WARN_CONSTANT_CONVERSION = YES;
				CLANG_WARN_DEPRECATED_OBJC_IMPLEMENTATIONS = YES;
				CLANG_WARN_DIRECT_OBJC_ISA_USAGE = YES_ERROR;
				CLANG_WARN_DOCUMENTATION_COMMENTS = YES;
				CLANG_WARN_EMPTY_BODY = YES;
				CLANG_WARN_ENUM_CONVERSION = YES;
				CLANG_WARN_INFINITE_RECURSION = YES;
				CLANG_WARN_INT_CONVERSION = YES;
				CLANG_WARN_NON_LITERAL_NULL_CONVERSION = YES;
				CLANG_WARN_OBJC_IMPLICIT_RETAIN_SELF = YES;
				CLANG_WARN_OBJC_LITERAL_CONVERSION = YES;
				CLANG_WARN_OBJC_ROOT_CLASS = YES_ERROR;
				CLANG_WARN_QUOTED_INCLUDE_IN_FRAMEWORK_HEADER = YES;
				CLANG_WARN_RANGE_LOOP_ANALYSIS = YES;
				CLANG_WARN_STRICT_PROTOTYPES = YES;
				CLANG_WARN_SUSPICIOUS_MOVE = YES;
				CLANG_WARN_UNGUARDED_AVAILABILITY = YES_AGGRESSIVE;
				CLANG_WARN_UNREACHABLE_CODE = YES;
				CLANG_WARN__DUPLICATE_METHOD_MATCH = YES;
				COPY_PHASE_STRIP = NO;
				DEBUG_INFORMATION_FORMAT = "dwarf-with-dsym";
				ENABLE_NS_ASSERTIONS = NO;
				ENABLE_STRICT_OBJC_MSGSEND = YES;
				GCC_C_LANGUAGE_STANDARD = gnu11;
				GCC_NO_COMMON_BLOCKS = YES;
				GCC_WARN_64_TO_32_BIT_CONVERSION = YES;
				GCC_WARN_ABOUT_RETURN_TYPE = YES_ERROR;
				GCC_WARN_UNDECLARED_SELECTOR = YES;
				GCC_WARN_UNINITIALIZED_AUTOS = YES_AGGRESSIVE;
				GCC_WARN_UNUSED_FUNCTION = YES;
				GCC_WARN_UNUSED_VARIABLE = YES;
				IPHONEOS_DEPLOYMENT_TARGET = 16.2;
				MTL_ENABLE_DEBUG_INFO = NO;
				MTL_FAST_MATH = YES;
				SDKROOT = iphoneos;
				SWIFT_COMPILATION_MODE = wholemodule;
				SWIFT_OPTIMIZATION_LEVEL = "-O";
				VALIDATE_PRODUCT = YES;
			};
			name = Release;
		};
		24A56561297E974B00D9E34A /* Debug */ = {
			isa = XCBuildConfiguration;
			buildSettings = {
				ASSETCATALOG_COMPILER_APPICON_NAME = AppIcon;
				ASSETCATALOG_COMPILER_GLOBAL_ACCENT_COLOR_NAME = AccentColor;
				CODE_SIGN_STYLE = Automatic;
				CURRENT_PROJECT_VERSION = 1;
				GENERATE_INFOPLIST_FILE = YES;
				INFOPLIST_FILE = AlamofireApp/Info.plist;
				INFOPLIST_KEY_UIApplicationSupportsIndirectInputEvents = YES;
				INFOPLIST_KEY_UILaunchStoryboardName = LaunchScreen;
				INFOPLIST_KEY_UIMainStoryboardFile = Main;
				INFOPLIST_KEY_UISupportedInterfaceOrientations_iPad = "UIInterfaceOrientationPortrait UIInterfaceOrientationPortraitUpsideDown UIInterfaceOrientationLandscapeLeft UIInterfaceOrientationLandscapeRight";
				INFOPLIST_KEY_UISupportedInterfaceOrientations_iPhone = "UIInterfaceOrientationPortrait UIInterfaceOrientationLandscapeLeft UIInterfaceOrientationLandscapeRight";
				LD_RUNPATH_SEARCH_PATHS = (
					"$(inherited)",
					"@executable_path/Frameworks",
				);
				MARKETING_VERSION = 1.0;
				PRODUCT_BUNDLE_IDENTIFIER = vladvelik.AlamofireApp;
				PRODUCT_NAME = "$(TARGET_NAME)";
				SWIFT_EMIT_LOC_STRINGS = YES;
				SWIFT_VERSION = 5.0;
				TARGETED_DEVICE_FAMILY = "1,2";
			};
			name = Debug;
		};
		24A56562297E974B00D9E34A /* Release */ = {
			isa = XCBuildConfiguration;
			buildSettings = {
				ASSETCATALOG_COMPILER_APPICON_NAME = AppIcon;
				ASSETCATALOG_COMPILER_GLOBAL_ACCENT_COLOR_NAME = AccentColor;
				CODE_SIGN_STYLE = Automatic;
				CURRENT_PROJECT_VERSION = 1;
				GENERATE_INFOPLIST_FILE = YES;
				INFOPLIST_FILE = AlamofireApp/Info.plist;
				INFOPLIST_KEY_UIApplicationSupportsIndirectInputEvents = YES;
				INFOPLIST_KEY_UILaunchStoryboardName = LaunchScreen;
				INFOPLIST_KEY_UIMainStoryboardFile = Main;
				INFOPLIST_KEY_UISupportedInterfaceOrientations_iPad = "UIInterfaceOrientationPortrait UIInterfaceOrientationPortraitUpsideDown UIInterfaceOrientationLandscapeLeft UIInterfaceOrientationLandscapeRight";
				INFOPLIST_KEY_UISupportedInterfaceOrientations_iPhone = "UIInterfaceOrientationPortrait UIInterfaceOrientationLandscapeLeft UIInterfaceOrientationLandscapeRight";
				LD_RUNPATH_SEARCH_PATHS = (
					"$(inherited)",
					"@executable_path/Frameworks",
				);
				MARKETING_VERSION = 1.0;
				PRODUCT_BUNDLE_IDENTIFIER = vladvelik.AlamofireApp;
				PRODUCT_NAME = "$(TARGET_NAME)";
				SWIFT_EMIT_LOC_STRINGS = YES;
				SWIFT_VERSION = 5.0;
				TARGETED_DEVICE_FAMILY = "1,2";
			};
			name = Release;
		};
/* End XCBuildConfiguration section */

/* Begin XCConfigurationList section */
		24A56547297E974500D9E34A /* Build configuration list for PBXProject "AlamofireApp" */ = {
			isa = XCConfigurationList;
			buildConfigurations = (
				24A5655E297E974B00D9E34A /* Debug */,
				24A5655F297E974B00D9E34A /* Release */,
			);
			defaultConfigurationIsVisible = 0;
			defaultConfigurationName = Release;
		};
		24A56560297E974B00D9E34A /* Build configuration list for PBXNativeTarget "AlamofireApp" */ = {
			isa = XCConfigurationList;
			buildConfigurations = (
				24A56561297E974B00D9E34A /* Debug */,
				24A56562297E974B00D9E34A /* Release */,
			);
			defaultConfigurationIsVisible = 0;
			defaultConfigurationName = Release;
		};
/* End XCConfigurationList section */

/* Begin XCRemoteSwiftPackageReference section */
		24A56563297E9A5900D9E34A /* XCRemoteSwiftPackageReference "Alamofire" */ = {
			isa = XCRemoteSwiftPackageReference;
			repositoryURL = "https://github.com/Alamofire/Alamofire.git";
			requirement = {
				kind = upToNextMajorVersion;
				minimumVersion = 5.0.0;
			};
		};
/* End XCRemoteSwiftPackageReference section */

/* Begin XCSwiftPackageProductDependency section */
		24A56564297E9A5900D9E34A /* Alamofire */ = {
			isa = XCSwiftPackageProductDependency;
			package = 24A56563297E9A5900D9E34A /* XCRemoteSwiftPackageReference "Alamofire" */;
			productName = Alamofire;
		};
/* End XCSwiftPackageProductDependency section */
	};
	rootObject = 24A56544297E974500D9E34A /* Project object */;
}
